{
  "name": "@svsync/mvp-workspace",
  "version": "0.0.0",
  "lockfileVersion": 3,
  "requires": true,
  "packages": {
    "": {
      "name": "@svsync/mvp-workspace",
      "version": "0.0.0",
      "license": "Apache-2.0",
      "dependencies": {
        "@svsync/aws4fetch-signer": "file:vendor/packages/aws4fetch-signer-1.0.20-svsync.1.tgz"
      },
      "devDependencies": {
        "typescript": "file:vendor/packages/typescript-5.8.3-local-snapshot.tgz"
      },
      "engines": {
        "node": ">=22"
      }
    },
    "node_modules/@svsync/aws4fetch-signer": {
      "version": "1.0.20-svsync.1",
      "resolved": "file:vendor/packages/aws4fetch-signer-1.0.20-svsync.1.tgz",
      "integrity": "sha512-IlGfzTdDC2Mj65LPbkrwnrQfFklqG9uE+hN7fE+3XkVP0rlVqFlgubjNy4hOKS4pREedMwg3w3a8l4hSV3mNYw==",
      "license": "MIT AND Apache-2.0"
    },
    "node_modules/typescript": {
      "version": "5.8.3",
      "resolved": "file:vendor/packages/typescript-5.8.3-local-snapshot.tgz",
      "integrity": "sha512-mZMBhXHy1KlH4EhDPkIIgcI5xCgwq9a6sxRehMiDAdW4H86g/PPAYvW8xPY6vGAlSx4feQKAfuhsdzUAaCdeFQ==",
      "dev": true,
      "license": "Apache-2.0",
      "bin": {
        "tsc": "bin/tsc",
        "tsserver": "bin/tsserver"
      },
      "engines": {
        "node": ">=14.17"
      }
    }
  }
}
